
Microsoft Visual Studio Solution File, Format Version 12.00
# Visual Studio Version 16
VisualStudioVersion = 16.0.30028.174
MinimumVisualStudioVersion = 10.0.40219.1
Project("{FAE04EC0-301F-11D3-BF4B-00C04F79EFBC}") = "MaybeSome", "MaybeSome\MaybeSome.csproj", "{399B89F5-38AB-4F7A-9ED3-98CB01ABC343}"
EndProject
Project("{FAE04EC0-301F-11D3-BF4B-00C04F79EFBC}") = "MaybeSome.Test", "test\MaybeSome.Test\MaybeSome.Test.csproj", "{52DF069B-3229-4028-8C91-B579A66FBC39}"
EndProject
Global
	GlobalSection(SolutionConfigurationPlatforms) = preSolution
		Debug|Any CPU = Debug|Any CPU
		Release|Any CPU = Release|Any CPU
	EndGlobalSection
	GlobalSection(ProjectConfigurationPlatforms) = postSolution
		{399B89F5-38AB-4F7A-9ED3-98CB01ABC343}.Debug|Any CPU.ActiveCfg = Debug|Any CPU
		{399B89F5-38AB-4F7A-9ED3-98CB01ABC343}.Debug|Any CPU.Build.0 = Debug|Any CPU
		{399B89F5-38AB-4F7A-9ED3-98CB01ABC343}.Release|Any CPU.ActiveCfg = Release|Any CPU
		{399B89F5-38AB-4F7A-9ED3-98CB01ABC343}.Release|Any CPU.Build.0 = Release|Any CPU
		{52DF069B-3229-4028-8C91-B579A66FBC39}.Debug|Any CPU.ActiveCfg = Debug|Any CPU
		{52DF069B-3229-4028-8C91-B579A66FBC39}.Debug|Any CPU.Build.0 = Debug|Any CPU
		{52DF069B-3229-4028-8C91-B579A66FBC39}.Release|Any CPU.ActiveCfg = Release|Any CPU
		{52DF069B-3229-4028-8C91-B579A66FBC39}.Release|Any CPU.Build.0 = Release|Any CPU
	EndGlobalSection
	GlobalSection(SolutionProperties) = preSolution
		HideSolutionNode = FALSE
	EndGlobalSection
	GlobalSection(ExtensibilityGlobals) = postSolution
		SolutionGuid = {BE804B5C-419E-4D85-BCD2-A24FD76D69BE}
	EndGlobalSection
EndGlobal
